<Solution>
  <Folder Name="/01/">
    <Project Path="IsNumberOddOrNot/IsNumberOddOrNot.csproj" Id="7909657d-8d00-41d4-8d23-18858736233a" />
  </Folder>
  <Folder Name="/02/">
    <Project Path="TheLargestNumber/TheLargestNumber.csproj" Id="692ca991-a9b9-437c-aa50-15bb6f311ce9" />
  </Folder>
  <Folder Name="/03/">
    <Project Path="SortNumbers/SortNumbers.csproj" Id="c82b9bbe-1a17-4fa8-bf79-15d93cd83498" />
  </Folder>
  <Folder Name="/04/">
    <Project Path="IsMultipleOfAnother/IsMultipleOfAnother.csproj" Id="386c8d37-960f-4e5b-8238-2e346d0b68d6" />
  </Folder>
  <Folder Name="/05/">
    <Project Path="IsLeapYear/IsLeapYear.csproj" Id="12af8651-88bd-4df3-aed2-e61525af9641" />
  </Folder>
  <Folder Name="/06/">
    <Project Path="SimplePayroll/SimplePayroll.csproj" Id="aa8bd7b6-1276-4a10-91fe-d22f98b97e4e" />
  </Folder>
  <Folder Name="/07/">
    <Project Path="Discounts/Discounts.csproj" Id="e31526a6-6944-41d0-84dd-bbd097e2f2e0" />
  </Folder>
  <Folder Name="/08/">
    <Project Path="RegistrationValue/RegistrationValue.csproj" Id="3be10de8-768c-4602-a161-dc48d82c2c17" />
  </Folder>
  <Folder Name="/09/">
    <Project Path="Shipping/Shipping.csproj" Id="87d8334f-48fd-4ddd-9a93-df60029c3449" />
  </Folder>
  <Folder Name="/Shared/">
    <Project Path="Shared/Shared.csproj" Id="5aef9b8f-7056-4448-8259-2bc0e9e9c9d3" />
  </Folder>
</Solution>
